
Microsoft Visual Studio Solution File, Format Version 12.00
# Visual Studio Version 17
VisualStudioVersion = 17.7.34202.233
MinimumVisualStudioVersion = 10.0.40219.1
Project("{FAE04EC0-301F-11D3-BF4B-00C04F79EFBC}") = "ex02", "ex02\ex02.csproj", "{D8AD8101-CDDF-4ED3-8DD1-126DF40B49BF}"
EndProject
Global
	GlobalSection(SolutionConfigurationPlatforms) = preSolution
		Debug|Any CPU = Debug|Any CPU
		Release|Any CPU = Release|Any CPU
	EndGlobalSection
	GlobalSection(ProjectConfigurationPlatforms) = postSolution
		{D8AD8101-CDDF-4ED3-8DD1-126DF40B49BF}.Debug|Any CPU.ActiveCfg = Debug|Any CPU
		{D8AD8101-CDDF-4ED3-8DD1-126DF40B49BF}.Debug|Any CPU.Build.0 = Debug|Any CPU
		{D8AD8101-CDDF-4ED3-8DD1-126DF40B49BF}.Release|Any CPU.ActiveCfg = Release|Any CPU
		{D8AD8101-CDDF-4ED3-8DD1-126DF40B49BF}.Release|Any CPU.Build.0 = Release|Any CPU
	EndGlobalSection
	GlobalSection(SolutionProperties) = preSolution
		HideSolutionNode = FALSE
	EndGlobalSection
	GlobalSection(ExtensibilityGlobals) = postSolution
		SolutionGuid = {7E66DFA8-4930-4142-9687-7D5D4D5DA7A5}
	EndGlobalSection
EndGlobal
