
Microsoft Visual Studio Solution File, Format Version 12.00
# Visual Studio Version 17
VisualStudioVersion = 17.7.34202.233
MinimumVisualStudioVersion = 10.0.40219.1
Project("{FAE04EC0-301F-11D3-BF4B-00C04F79EFBC}") = "ex12", "ex12\ex12.csproj", "{FAB089DD-9393-4D34-B7BD-A1CB3778CA7C}"
EndProject
Global
	GlobalSection(SolutionConfigurationPlatforms) = preSolution
		Debug|Any CPU = Debug|Any CPU
		Release|Any CPU = Release|Any CPU
	EndGlobalSection
	GlobalSection(ProjectConfigurationPlatforms) = postSolution
		{FAB089DD-9393-4D34-B7BD-A1CB3778CA7C}.Debug|Any CPU.ActiveCfg = Debug|Any CPU
		{FAB089DD-9393-4D34-B7BD-A1CB3778CA7C}.Debug|Any CPU.Build.0 = Debug|Any CPU
		{FAB089DD-9393-4D34-B7BD-A1CB3778CA7C}.Release|Any CPU.ActiveCfg = Release|Any CPU
		{FAB089DD-9393-4D34-B7BD-A1CB3778CA7C}.Release|Any CPU.Build.0 = Release|Any CPU
	EndGlobalSection
	GlobalSection(SolutionProperties) = preSolution
		HideSolutionNode = FALSE
	EndGlobalSection
	GlobalSection(ExtensibilityGlobals) = postSolution
		SolutionGuid = {2FD2DC20-BCB4-4ECD-8075-7B2E26342CB6}
	EndGlobalSection
EndGlobal
