
Microsoft Visual Studio Solution File, Format Version 12.00
# Visual Studio Version 17
VisualStudioVersion = 17.7.34202.233
MinimumVisualStudioVersion = 10.0.40219.1
Project("{FAE04EC0-301F-11D3-BF4B-00C04F79EFBC}") = "ex16", "ex16\ex16.csproj", "{F1EF36FF-B5AB-4921-AA46-6FD0FDABC837}"
EndProject
Global
	GlobalSection(SolutionConfigurationPlatforms) = preSolution
		Debug|Any CPU = Debug|Any CPU
		Release|Any CPU = Release|Any CPU
	EndGlobalSection
	GlobalSection(ProjectConfigurationPlatforms) = postSolution
		{F1EF36FF-B5AB-4921-AA46-6FD0FDABC837}.Debug|Any CPU.ActiveCfg = Debug|Any CPU
		{F1EF36FF-B5AB-4921-AA46-6FD0FDABC837}.Debug|Any CPU.Build.0 = Debug|Any CPU
		{F1EF36FF-B5AB-4921-AA46-6FD0FDABC837}.Release|Any CPU.ActiveCfg = Release|Any CPU
		{F1EF36FF-B5AB-4921-AA46-6FD0FDABC837}.Release|Any CPU.Build.0 = Release|Any CPU
	EndGlobalSection
	GlobalSection(SolutionProperties) = preSolution
		HideSolutionNode = FALSE
	EndGlobalSection
	GlobalSection(ExtensibilityGlobals) = postSolution
		SolutionGuid = {3948FB3A-368D-412B-8CBC-7044E2DE53E8}
	EndGlobalSection
EndGlobal
